
Microsoft Visual Studio Solution File, Format Version 12.00
# Visual Studio Version 17
VisualStudioVersion = 17.10.35013.160
MinimumVisualStudioVersion = 10.0.40219.1
Project("{FAE04EC0-301F-11D3-BF4B-00C04F79EFBC}") = "homework1", "homework1\homework1.csproj", "{21AE59AA-A008-4C26-9E09-3A67666F82F9}"
EndProject
Global
	GlobalSection(SolutionConfigurationPlatforms) = preSolution
		Debug|Any CPU = Debug|Any CPU
		Release|Any CPU = Release|Any CPU
	EndGlobalSection
	GlobalSection(ProjectConfigurationPlatforms) = postSolution
		{21AE59AA-A008-4C26-9E09-3A67666F82F9}.Debug|Any CPU.ActiveCfg = Debug|Any CPU
		{21AE59AA-A008-4C26-9E09-3A67666F82F9}.Debug|Any CPU.Build.0 = Debug|Any CPU
		{21AE59AA-A008-4C26-9E09-3A67666F82F9}.Release|Any CPU.ActiveCfg = Release|Any CPU
		{21AE59AA-A008-4C26-9E09-3A67666F82F9}.Release|Any CPU.Build.0 = Release|Any CPU
	EndGlobalSection
	GlobalSection(SolutionProperties) = preSolution
		HideSolutionNode = FALSE
	EndGlobalSection
	GlobalSection(ExtensibilityGlobals) = postSolution
		SolutionGuid = {8F32E090-07B7-4EF4-AE7E-F64D3D44D94E}
	EndGlobalSection
EndGlobal
