
Microsoft Visual Studio Solution File, Format Version 12.00
# Visual Studio Version 17
VisualStudioVersion = 17.10.35013.160
MinimumVisualStudioVersion = 10.0.40219.1
Project("{FAE04EC0-301F-11D3-BF4B-00C04F79EFBC}") = "homework4", "homework4\homework4.csproj", "{01C9B277-3BAF-4382-98F0-A53C410A38CC}"
EndProject
Global
	GlobalSection(SolutionConfigurationPlatforms) = preSolution
		Debug|Any CPU = Debug|Any CPU
		Release|Any CPU = Release|Any CPU
	EndGlobalSection
	GlobalSection(ProjectConfigurationPlatforms) = postSolution
		{01C9B277-3BAF-4382-98F0-A53C410A38CC}.Debug|Any CPU.ActiveCfg = Debug|Any CPU
		{01C9B277-3BAF-4382-98F0-A53C410A38CC}.Debug|Any CPU.Build.0 = Debug|Any CPU
		{01C9B277-3BAF-4382-98F0-A53C410A38CC}.Release|Any CPU.ActiveCfg = Release|Any CPU
		{01C9B277-3BAF-4382-98F0-A53C410A38CC}.Release|Any CPU.Build.0 = Release|Any CPU
	EndGlobalSection
	GlobalSection(SolutionProperties) = preSolution
		HideSolutionNode = FALSE
	EndGlobalSection
	GlobalSection(ExtensibilityGlobals) = postSolution
		SolutionGuid = {68F7B41C-3DCA-41DE-AA42-78556A75D326}
	EndGlobalSection
EndGlobal
